// !$*UTF8*$!
{
	archiveVersion = 1;
	classes = {
	};
	objectVersion = 56;
	objects = {

/* Begin PBXBuildFile section */
		0FAD42062C8C453B00C76A9C /* NekonoteState.swift in Sources */ = {isa = PBXBuildFile; fileRef = 0FAD42052C8C453B00C76A9C /* NekonoteState.swift */; };
		9EEFCA352C8C49FD00CDE604 /* Mimi_font-Regular.ttf in Resources */ = {isa = PBXBuildFile; fileRef = 9EEFCA342C8C3DC300CDE604 /* Mimi_font-Regular.ttf */; };
		9EEFCA382C8C7CC600CDE604 /* UIViewControllerWrapper.swift in Sources */ = {isa = PBXBuildFile; fileRef = 9EEFCA372C8C7CC600CDE604 /* UIViewControllerWrapper.swift */; };
		9EEFCA3A2C8C7CE300CDE604 /* PortraitHostingController.swift in Sources */ = {isa = PBXBuildFile; fileRef = 9EEFCA392C8C7CE300CDE604 /* PortraitHostingController.swift */; };
		9EEFCA3C2C8C7FE000CDE604 /* RotateScreenModel.swift in Sources */ = {isa = PBXBuildFile; fileRef = 9EEFCA3B2C8C7FE000CDE604 /* RotateScreenModel.swift */; };
		AB466FC22C8C2DDA00CA5B06 /* StreetFighner7App.swift in Sources */ = {isa = PBXBuildFile; fileRef = AB466FC12C8C2DDA00CA5B06 /* StreetFighner7App.swift */; };
		AB466FC42C8C2DDA00CA5B06 /* ContentView.swift in Sources */ = {isa = PBXBuildFile; fileRef = AB466FC32C8C2DDA00CA5B06 /* ContentView.swift */; };
		AB466FC62C8C2DDB00CA5B06 /* Assets.xcassets in Resources */ = {isa = PBXBuildFile; fileRef = AB466FC52C8C2DDB00CA5B06 /* Assets.xcassets */; };
		AB466FC92C8C2DDB00CA5B06 /* Preview Assets.xcassets in Resources */ = {isa = PBXBuildFile; fileRef = AB466FC82C8C2DDB00CA5B06 /* Preview Assets.xcassets */; };
		AB466FD02C8C34DC00CA5B06 /* AppDelegate.swift in Sources */ = {isa = PBXBuildFile; fileRef = AB466FCF2C8C34DC00CA5B06 /* AppDelegate.swift */; };
		AB466FFD2C8C3B0500CA5B06 /* AttackView.swift in Sources */ = {isa = PBXBuildFile; fileRef = AB466FF62C8C3B0500CA5B06 /* AttackView.swift */; };
		AB466FFE2C8C3B0500CA5B06 /* CreateRoomView.swift in Sources */ = {isa = PBXBuildFile; fileRef = AB466FF72C8C3B0500CA5B06 /* CreateRoomView.swift */; };
		AB466FFF2C8C3B0500CA5B06 /* DefenseView.swift in Sources */ = {isa = PBXBuildFile; fileRef = AB466FF82C8C3B0500CA5B06 /* DefenseView.swift */; };
		AB4670002C8C3B0500CA5B06 /* JoinRoomView.swift in Sources */ = {isa = PBXBuildFile; fileRef = AB466FF92C8C3B0500CA5B06 /* JoinRoomView.swift */; };
		AB4670012C8C3B0500CA5B06 /* ResultView.swift in Sources */ = {isa = PBXBuildFile; fileRef = AB466FFA2C8C3B0500CA5B06 /* ResultView.swift */; };
		AB4670022C8C3B0500CA5B06 /* TitleView.swift in Sources */ = {isa = PBXBuildFile; fileRef = AB466FFB2C8C3B0500CA5B06 /* TitleView.swift */; };
		AB46700C2C8C889700CA5B06 /* MotionManager.swift in Sources */ = {isa = PBXBuildFile; fileRef = AB46700B2C8C889700CA5B06 /* MotionManager.swift */; };
/* End PBXBuildFile section */

/* Begin PBXFileReference section */
		0FAD42052C8C453B00C76A9C /* NekonoteState.swift */ = {isa = PBXFileReference; lastKnownFileType = sourcecode.swift; path = NekonoteState.swift; sourceTree = "<group>"; };
		9EEFCA342C8C3DC300CDE604 /* Mimi_font-Regular.ttf */ = {isa = PBXFileReference; lastKnownFileType = file; path = "Mimi_font-Regular.ttf"; sourceTree = "<group>"; };
		9EEFCA362C8C4A8600CDE604 /* Info.plist */ = {isa = PBXFileReference; lastKnownFileType = text.plist; path = Info.plist; sourceTree = "<group>"; };
		9EEFCA372C8C7CC600CDE604 /* UIViewControllerWrapper.swift */ = {isa = PBXFileReference; lastKnownFileType = sourcecode.swift; path = UIViewControllerWrapper.swift; sourceTree = "<group>"; };
		9EEFCA392C8C7CE300CDE604 /* PortraitHostingController.swift */ = {isa = PBXFileReference; lastKnownFileType = sourcecode.swift; path = PortraitHostingController.swift; sourceTree = "<group>"; };
		9EEFCA3B2C8C7FE000CDE604 /* RotateScreenModel.swift */ = {isa = PBXFileReference; lastKnownFileType = sourcecode.swift; path = RotateScreenModel.swift; sourceTree = "<group>"; };
		AB466FBE2C8C2DDA00CA5B06 /* StreetFighner7.app */ = {isa = PBXFileReference; explicitFileType = wrapper.application; includeInIndex = 0; path = StreetFighner7.app; sourceTree = BUILT_PRODUCTS_DIR; };
		AB466FC12C8C2DDA00CA5B06 /* StreetFighner7App.swift */ = {isa = PBXFileReference; lastKnownFileType = sourcecode.swift; path = StreetFighner7App.swift; sourceTree = "<group>"; };
		AB466FC32C8C2DDA00CA5B06 /* ContentView.swift */ = {isa = PBXFileReference; lastKnownFileType = sourcecode.swift; path = ContentView.swift; sourceTree = "<group>"; };
		AB466FC52C8C2DDB00CA5B06 /* Assets.xcassets */ = {isa = PBXFileReference; lastKnownFileType = folder.assetcatalog; path = Assets.xcassets; sourceTree = "<group>"; };
		AB466FC82C8C2DDB00CA5B06 /* Preview Assets.xcassets */ = {isa = PBXFileReference; lastKnownFileType = folder.assetcatalog; path = "Preview Assets.xcassets"; sourceTree = "<group>"; };
		AB466FCF2C8C34DC00CA5B06 /* AppDelegate.swift */ = {isa = PBXFileReference; fileEncoding = 4; lastKnownFileType = sourcecode.swift; path = AppDelegate.swift; sourceTree = "<group>"; };
		AB466FF62C8C3B0500CA5B06 /* AttackView.swift */ = {isa = PBXFileReference; fileEncoding = 4; lastKnownFileType = sourcecode.swift; path = AttackView.swift; sourceTree = "<group>"; };
		AB466FF72C8C3B0500CA5B06 /* CreateRoomView.swift */ = {isa = PBXFileReference; fileEncoding = 4; lastKnownFileType = sourcecode.swift; path = CreateRoomView.swift; sourceTree = "<group>"; };
		AB466FF82C8C3B0500CA5B06 /* DefenseView.swift */ = {isa = PBXFileReference; fileEncoding = 4; lastKnownFileType = sourcecode.swift; path = DefenseView.swift; sourceTree = "<group>"; };
		AB466FF92C8C3B0500CA5B06 /* JoinRoomView.swift */ = {isa = PBXFileReference; fileEncoding = 4; lastKnownFileType = sourcecode.swift; path = JoinRoomView.swift; sourceTree = "<group>"; };
		AB466FFA2C8C3B0500CA5B06 /* ResultView.swift */ = {isa = PBXFileReference; fileEncoding = 4; lastKnownFileType = sourcecode.swift; path = ResultView.swift; sourceTree = "<group>"; };
		AB466FFB2C8C3B0500CA5B06 /* TitleView.swift */ = {isa = PBXFileReference; fileEncoding = 4; lastKnownFileType = sourcecode.swift; path = TitleView.swift; sourceTree = "<group>"; };
		AB46700B2C8C889700CA5B06 /* MotionManager.swift */ = {isa = PBXFileReference; lastKnownFileType = sourcecode.swift; path = MotionManager.swift; sourceTree = "<group>"; };
/* End PBXFileReference section */

/* Begin PBXFrameworksBuildPhase section */
		AB466FBB2C8C2DDA00CA5B06 /* Frameworks */ = {
			isa = PBXFrameworksBuildPhase;
			buildActionMask = 2147483647;
			files = (
			);
			runOnlyForDeploymentPostprocessing = 0;
		};
/* End PBXFrameworksBuildPhase section */

/* Begin PBXGroup section */
		0FAD42042C8C452400C76A9C /* Models */ = {
			isa = PBXGroup;
			children = (
				0FAD42052C8C453B00C76A9C /* NekonoteState.swift */,
				9EEFCA3B2C8C7FE000CDE604 /* RotateScreenModel.swift */,
			);
			name = Models;
			sourceTree = "<group>";
		};
		9EEFCA332C8C3DB900CDE604 /* Fonts */ = {
			isa = PBXGroup;
			children = (
				9EEFCA342C8C3DC300CDE604 /* Mimi_font-Regular.ttf */,
			);
			path = Fonts;
			sourceTree = "<group>";
		};
		AB466FB52C8C2DD900CA5B06 = {
			isa = PBXGroup;
			children = (
				AB466FC02C8C2DDA00CA5B06 /* StreetFighner7 */,
				AB466FBF2C8C2DDA00CA5B06 /* Products */,
			);
			sourceTree = "<group>";
		};
		AB466FBF2C8C2DDA00CA5B06 /* Products */ = {
			isa = PBXGroup;
			children = (
				AB466FBE2C8C2DDA00CA5B06 /* StreetFighner7.app */,
			);
			name = Products;
			sourceTree = "<group>";
		};
		AB466FC02C8C2DDA00CA5B06 /* StreetFighner7 */ = {
			isa = PBXGroup;
			children = (
				AB4670082C8C885E00CA5B06 /* Managers */,
				0FAD42042C8C452400C76A9C /* Models */,
				9EEFCA362C8C4A8600CDE604 /* Info.plist */,
				9EEFCA332C8C3DB900CDE604 /* Fonts */,
				AB466FFC2C8C3B0500CA5B06 /* Views */,
				AB466FCF2C8C34DC00CA5B06 /* AppDelegate.swift */,
				AB466FC12C8C2DDA00CA5B06 /* StreetFighner7App.swift */,
				AB466FC32C8C2DDA00CA5B06 /* ContentView.swift */,
				AB466FC52C8C2DDB00CA5B06 /* Assets.xcassets */,
				AB466FC72C8C2DDB00CA5B06 /* Preview Content */,
			);
			path = StreetFighner7;
			sourceTree = "<group>";
		};
		AB466FC72C8C2DDB00CA5B06 /* Preview Content */ = {
			isa = PBXGroup;
			children = (
				AB466FC82C8C2DDB00CA5B06 /* Preview Assets.xcassets */,
			);
			path = "Preview Content";
			sourceTree = "<group>";
		};
		AB466FFC2C8C3B0500CA5B06 /* Views */ = {
			isa = PBXGroup;
			children = (
				AB466FF62C8C3B0500CA5B06 /* AttackView.swift */,
				9EEFCA372C8C7CC600CDE604 /* UIViewControllerWrapper.swift */,
				9EEFCA392C8C7CE300CDE604 /* PortraitHostingController.swift */,
				AB466FF72C8C3B0500CA5B06 /* CreateRoomView.swift */,
				AB466FF82C8C3B0500CA5B06 /* DefenseView.swift */,
				AB466FF92C8C3B0500CA5B06 /* JoinRoomView.swift */,
				AB466FFA2C8C3B0500CA5B06 /* ResultView.swift */,
				AB466FFB2C8C3B0500CA5B06 /* TitleView.swift */,
			);
			path = Views;
			sourceTree = "<group>";
		};
		AB4670082C8C885E00CA5B06 /* Managers */ = {
			isa = PBXGroup;
			children = (
				AB46700B2C8C889700CA5B06 /* MotionManager.swift */,
			);
			path = Managers;
			sourceTree = "<group>";
		};
/* End PBXGroup section */

/* Begin PBXNativeTarget section */
		AB466FBD2C8C2DDA00CA5B06 /* StreetFighner7 */ = {
			isa = PBXNativeTarget;
			buildConfigurationList = AB466FCC2C8C2DDB00CA5B06 /* Build configuration list for PBXNativeTarget "StreetFighner7" */;
			buildPhases = (
				AB466FBA2C8C2DDA00CA5B06 /* Sources */,
				AB466FBB2C8C2DDA00CA5B06 /* Frameworks */,
				AB466FBC2C8C2DDA00CA5B06 /* Resources */,
			);
			buildRules = (
			);
			dependencies = (
			);
			name = StreetFighner7;
			productName = StreetFighner7;
			productReference = AB466FBE2C8C2DDA00CA5B06 /* StreetFighner7.app */;
			productType = "com.apple.product-type.application";
		};
/* End PBXNativeTarget section */

/* Begin PBXProject section */
		AB466FB62C8C2DD900CA5B06 /* Project object */ = {
			isa = PBXProject;
			attributes = {
				BuildIndependentTargetsInParallel = 1;
				LastSwiftUpdateCheck = 1540;
				LastUpgradeCheck = 1540;
				TargetAttributes = {
					AB466FBD2C8C2DDA00CA5B06 = {
						CreatedOnToolsVersion = 15.4;
					};
				};
			};
			buildConfigurationList = AB466FB92C8C2DD900CA5B06 /* Build configuration list for PBXProject "StreetFighner7" */;
			compatibilityVersion = "Xcode 14.0";
			developmentRegion = en;
			hasScannedForEncodings = 0;
			knownRegions = (
				en,
				Base,
			);
			mainGroup = AB466FB52C8C2DD900CA5B06;
			productRefGroup = AB466FBF2C8C2DDA00CA5B06 /* Products */;
			projectDirPath = "";
			projectRoot = "";
			targets = (
				AB466FBD2C8C2DDA00CA5B06 /* StreetFighner7 */,
			);
		};
/* End PBXProject section */

/* Begin PBXResourcesBuildPhase section */
		AB466FBC2C8C2DDA00CA5B06 /* Resources */ = {
			isa = PBXResourcesBuildPhase;
			buildActionMask = 2147483647;
			files = (
				AB466FC92C8C2DDB00CA5B06 /* Preview Assets.xcassets in Resources */,
				AB466FC62C8C2DDB00CA5B06 /* Assets.xcassets in Resources */,
				9EEFCA352C8C49FD00CDE604 /* Mimi_font-Regular.ttf in Resources */,
			);
			runOnlyForDeploymentPostprocessing = 0;
		};
/* End PBXResourcesBuildPhase section */

/* Begin PBXSourcesBuildPhase section */
		AB466FBA2C8C2DDA00CA5B06 /* Sources */ = {
			isa = PBXSourcesBuildPhase;
			buildActionMask = 2147483647;
			files = (
				0FAD42062C8C453B00C76A9C /* NekonoteState.swift in Sources */,
				9EEFCA3C2C8C7FE000CDE604 /* RotateScreenModel.swift in Sources */,
				AB466FD02C8C34DC00CA5B06 /* AppDelegate.swift in Sources */,
				AB466FFF2C8C3B0500CA5B06 /* DefenseView.swift in Sources */,
				9EEFCA382C8C7CC600CDE604 /* UIViewControllerWrapper.swift in Sources */,
				AB4670002C8C3B0500CA5B06 /* JoinRoomView.swift in Sources */,
				AB4670012C8C3B0500CA5B06 /* ResultView.swift in Sources */,
				AB46700C2C8C889700CA5B06 /* MotionManager.swift in Sources */,
				AB466FC42C8C2DDA00CA5B06 /* ContentView.swift in Sources */,
				AB466FFE2C8C3B0500CA5B06 /* CreateRoomView.swift in Sources */,
				AB466FFD2C8C3B0500CA5B06 /* AttackView.swift in Sources */,
				AB466FC22C8C2DDA00CA5B06 /* StreetFighner7App.swift in Sources */,
				AB4670022C8C3B0500CA5B06 /* TitleView.swift in Sources */,
				9EEFCA3A2C8C7CE300CDE604 /* PortraitHostingController.swift in Sources */,
			);
			runOnlyForDeploymentPostprocessing = 0;
		};
/* End PBXSourcesBuildPhase section */

/* Begin XCBuildConfiguration section */
		AB466FCA2C8C2DDB00CA5B06 /* Debug */ = {
			isa = XCBuildConfiguration;
			buildSettings = {
				ALWAYS_SEARCH_USER_PATHS = NO;
				ASSETCATALOG_COMPILER_GENERATE_SWIFT_ASSET_SYMBOL_EXTENSIONS = YES;
				CLANG_ANALYZER_NONNULL = YES;
				CLANG_ANALYZER_NUMBER_OBJECT_CONVERSION = YES_AGGRESSIVE;
				CLANG_CXX_LANGUAGE_STANDARD = "gnu++20";
				CLANG_ENABLE_MODULES = YES;
				CLANG_ENABLE_OBJC_ARC = YES;
				CLANG_ENABLE_OBJC_WEAK = YES;
				CLANG_WARN_BLOCK_CAPTURE_AUTORELEASING = YES;
				CLANG_WARN_BOOL_CONVERSION = YES;
				CLANG_WARN_COMMA = YES;
				CLANG_WARN_CONSTANT_CONVERSION = YES;
				CLANG_WARN_DEPRECATED_OBJC_IMPLEMENTATIONS = YES;
				CLANG_WARN_DIRECT_OBJC_ISA_USAGE = YES_ERROR;
				CLANG_WARN_DOCUMENTATION_COMMENTS = YES;
				CLANG_WARN_EMPTY_BODY = YES;
				CLANG_WARN_ENUM_CONVERSION = YES;
				CLANG_WARN_INFINITE_RECURSION = YES;
				CLANG_WARN_INT_CONVERSION = YES;
				CLANG_WARN_NON_LITERAL_NULL_CONVERSION = YES;
				CLANG_WARN_OBJC_IMPLICIT_RETAIN_SELF = YES;
				CLANG_WARN_OBJC_LITERAL_CONVERSION = YES;
				CLANG_WARN_OBJC_ROOT_CLASS = YES_ERROR;
				CLANG_WARN_QUOTED_INCLUDE_IN_FRAMEWORK_HEADER = YES;
				CLANG_WARN_RANGE_LOOP_ANALYSIS = YES;
				CLANG_WARN_STRICT_PROTOTYPES = YES;
				CLANG_WARN_SUSPICIOUS_MOVE = YES;
				CLANG_WARN_UNGUARDED_AVAILABILITY = YES_AGGRESSIVE;
				CLANG_WARN_UNREACHABLE_CODE = YES;
				CLANG_WARN__DUPLICATE_METHOD_MATCH = YES;
				COPY_PHASE_STRIP = NO;
				DEBUG_INFORMATION_FORMAT = dwarf;
				ENABLE_STRICT_OBJC_MSGSEND = YES;
				ENABLE_TESTABILITY = YES;
				ENABLE_USER_SCRIPT_SANDBOXING = YES;
				GCC_C_LANGUAGE_STANDARD = gnu17;
				GCC_DYNAMIC_NO_PIC = NO;
				GCC_NO_COMMON_BLOCKS = YES;
				GCC_OPTIMIZATION_LEVEL = 0;
				GCC_PREPROCESSOR_DEFINITIONS = (
					"DEBUG=1",
					"$(inherited)",
				);
				GCC_WARN_64_TO_32_BIT_CONVERSION = YES;
				GCC_WARN_ABOUT_RETURN_TYPE = YES_ERROR;
				GCC_WARN_UNDECLARED_SELECTOR = YES;
				GCC_WARN_UNINITIALIZED_AUTOS = YES_AGGRESSIVE;
				GCC_WARN_UNUSED_FUNCTION = YES;
				GCC_WARN_UNUSED_VARIABLE = YES;
				IPHONEOS_DEPLOYMENT_TARGET = 17.5;
				LOCALIZATION_PREFERS_STRING_CATALOGS = YES;
				MTL_ENABLE_DEBUG_INFO = INCLUDE_SOURCE;
				MTL_FAST_MATH = YES;
				ONLY_ACTIVE_ARCH = YES;
				SDKROOT = iphoneos;
				SWIFT_ACTIVE_COMPILATION_CONDITIONS = "DEBUG $(inherited)";
				SWIFT_OPTIMIZATION_LEVEL = "-Onone";
			};
			name = Debug;
		};
		AB466FCB2C8C2DDB00CA5B06 /* Release */ = {
			isa = XCBuildConfiguration;
			buildSettings = {
				ALWAYS_SEARCH_USER_PATHS = NO;
				ASSETCATALOG_COMPILER_GENERATE_SWIFT_ASSET_SYMBOL_EXTENSIONS = YES;
				CLANG_ANALYZER_NONNULL = YES;
				CLANG_ANALYZER_NUMBER_OBJECT_CONVERSION = YES_AGGRESSIVE;
				CLANG_CXX_LANGUAGE_STANDARD = "gnu++20";
				CLANG_ENABLE_MODULES = YES;
				CLANG_ENABLE_OBJC_ARC = YES;
				CLANG_ENABLE_OBJC_WEAK = YES;
				CLANG_WARN_BLOCK_CAPTURE_AUTORELEASING = YES;
				CLANG_WARN_BOOL_CONVERSION = YES;
				CLANG_WARN_COMMA = YES;
				CLANG_WARN_CONSTANT_CONVERSION = YES;
				CLANG_WARN_DEPRECATED_OBJC_IMPLEMENTATIONS = YES;
				CLANG_WARN_DIRECT_OBJC_ISA_USAGE = YES_ERROR;
				CLANG_WARN_DOCUMENTATION_COMMENTS = YES;
				CLANG_WARN_EMPTY_BODY = YES;
				CLANG_WARN_ENUM_CONVERSION = YES;
				CLANG_WARN_INFINITE_RECURSION = YES;
				CLANG_WARN_INT_CONVERSION = YES;
				CLANG_WARN_NON_LITERAL_NULL_CONVERSION = YES;
				CLANG_WARN_OBJC_IMPLICIT_RETAIN_SELF = YES;
				CLANG_WARN_OBJC_LITERAL_CONVERSION = YES;
				CLANG_WARN_OBJC_ROOT_CLASS = YES_ERROR;
				CLANG_WARN_QUOTED_INCLUDE_IN_FRAMEWORK_HEADER = YES;
				CLANG_WARN_RANGE_LOOP_ANALYSIS = YES;
				CLANG_WARN_STRICT_PROTOTYPES = YES;
				CLANG_WARN_SUSPICIOUS_MOVE = YES;
				CLANG_WARN_UNGUARDED_AVAILABILITY = YES_AGGRESSIVE;
				CLANG_WARN_UNREACHABLE_CODE = YES;
				CLANG_WARN__DUPLICATE_METHOD_MATCH = YES;
				COPY_PHASE_STRIP = NO;
				DEBUG_INFORMATION_FORMAT = "dwarf-with-dsym";
				ENABLE_NS_ASSERTIONS = NO;
				ENABLE_STRICT_OBJC_MSGSEND = YES;
				ENABLE_USER_SCRIPT_SANDBOXING = YES;
				GCC_C_LANGUAGE_STANDARD = gnu17;
				GCC_NO_COMMON_BLOCKS = YES;
				GCC_WARN_64_TO_32_BIT_CONVERSION = YES;
				GCC_WARN_ABOUT_RETURN_TYPE = YES_ERROR;
				GCC_WARN_UNDECLARED_SELECTOR = YES;
				GCC_WARN_UNINITIALIZED_AUTOS = YES_AGGRESSIVE;
				GCC_WARN_UNUSED_FUNCTION = YES;
				GCC_WARN_UNUSED_VARIABLE = YES;
				IPHONEOS_DEPLOYMENT_TARGET = 17.5;
				LOCALIZATION_PREFERS_STRING_CATALOGS = YES;
				MTL_ENABLE_DEBUG_INFO = NO;
				MTL_FAST_MATH = YES;
				SDKROOT = iphoneos;
				SWIFT_COMPILATION_MODE = wholemodule;
				VALIDATE_PRODUCT = YES;
			};
			name = Release;
		};
		AB466FCD2C8C2DDB00CA5B06 /* Debug */ = {
			isa = XCBuildConfiguration;
			buildSettings = {
				ASSETCATALOG_COMPILER_APPICON_NAME = AppIcon;
				ASSETCATALOG_COMPILER_GLOBAL_ACCENT_COLOR_NAME = AccentColor;
				CODE_SIGN_STYLE = Automatic;
				CURRENT_PROJECT_VERSION = 1;
				DEVELOPMENT_ASSET_PATHS = "\"StreetFighner7/Preview Content\"";
				DEVELOPMENT_TEAM = 8K2Z64AUSL;
				ENABLE_PREVIEWS = YES;
				GENERATE_INFOPLIST_FILE = YES;
				INFOPLIST_FILE = StreetFighner7/Info.plist;
				INFOPLIST_KEY_UIApplicationSceneManifest_Generation = YES;
				INFOPLIST_KEY_UIApplicationSupportsIndirectInputEvents = YES;
				INFOPLIST_KEY_UILaunchScreen_Generation = YES;
				INFOPLIST_KEY_UISupportedInterfaceOrientations_iPad = "UIInterfaceOrientationPortrait UIInterfaceOrientationPortraitUpsideDown UIInterfaceOrientationLandscapeLeft UIInterfaceOrientationLandscapeRight";
				INFOPLIST_KEY_UISupportedInterfaceOrientations_iPhone = "UIInterfaceOrientationPortrait UIInterfaceOrientationLandscapeLeft UIInterfaceOrientationLandscapeRight";
				LD_RUNPATH_SEARCH_PATHS = (
					"$(inherited)",
					"@executable_path/Frameworks",
				);
				MARKETING_VERSION = 1.0;
				PRODUCT_BUNDLE_IDENTIFIER = com.shunki.StreetFighner7;
				PRODUCT_NAME = "$(TARGET_NAME)";
				SWIFT_EMIT_LOC_STRINGS = YES;
				SWIFT_VERSION = 5.0;
				TARGETED_DEVICE_FAMILY = "1,2";
			};
			name = Debug;
		};
		AB466FCE2C8C2DDB00CA5B06 /* Release */ = {
			isa = XCBuildConfiguration;
			buildSettings = {
				ASSETCATALOG_COMPILER_APPICON_NAME = AppIcon;
				ASSETCATALOG_COMPILER_GLOBAL_ACCENT_COLOR_NAME = AccentColor;
				CODE_SIGN_STYLE = Automatic;
				CURRENT_PROJECT_VERSION = 1;
				DEVELOPMENT_ASSET_PATHS = "\"StreetFighner7/Preview Content\"";
				DEVELOPMENT_TEAM = 8K2Z64AUSL;
				ENABLE_PREVIEWS = YES;
				GENERATE_INFOPLIST_FILE = YES;
				INFOPLIST_FILE = StreetFighner7/Info.plist;
				INFOPLIST_KEY_UIApplicationSceneManifest_Generation = YES;
				INFOPLIST_KEY_UIApplicationSupportsIndirectInputEvents = YES;
				INFOPLIST_KEY_UILaunchScreen_Generation = YES;
				INFOPLIST_KEY_UISupportedInterfaceOrientations_iPad = "UIInterfaceOrientationPortrait UIInterfaceOrientationPortraitUpsideDown UIInterfaceOrientationLandscapeLeft UIInterfaceOrientationLandscapeRight";
				INFOPLIST_KEY_UISupportedInterfaceOrientations_iPhone = "UIInterfaceOrientationPortrait UIInterfaceOrientationLandscapeLeft UIInterfaceOrientationLandscapeRight";
				LD_RUNPATH_SEARCH_PATHS = (
					"$(inherited)",
					"@executable_path/Frameworks",
				);
				MARKETING_VERSION = 1.0;
				PRODUCT_BUNDLE_IDENTIFIER = com.shunki.StreetFighner7;
				PRODUCT_NAME = "$(TARGET_NAME)";
				SWIFT_EMIT_LOC_STRINGS = YES;
				SWIFT_VERSION = 5.0;
				TARGETED_DEVICE_FAMILY = "1,2";
			};
			name = Release;
		};
/* End XCBuildConfiguration section */

/* Begin XCConfigurationList section */
		AB466FB92C8C2DD900CA5B06 /* Build configuration list for PBXProject "StreetFighner7" */ = {
			isa = XCConfigurationList;
			buildConfigurations = (
				AB466FCA2C8C2DDB00CA5B06 /* Debug */,
				AB466FCB2C8C2DDB00CA5B06 /* Release */,
			);
			defaultConfigurationIsVisible = 0;
			defaultConfigurationName = Release;
		};
		AB466FCC2C8C2DDB00CA5B06 /* Build configuration list for PBXNativeTarget "StreetFighner7" */ = {
			isa = XCConfigurationList;
			buildConfigurations = (
				AB466FCD2C8C2DDB00CA5B06 /* Debug */,
				AB466FCE2C8C2DDB00CA5B06 /* Release */,
			);
			defaultConfigurationIsVisible = 0;
			defaultConfigurationName = Release;
		};
/* End XCConfigurationList section */
	};
	rootObject = AB466FB62C8C2DD900CA5B06 /* Project object */;
}
